
Microsoft Visual Studio Solution File, Format Version 12.00
# Visual Studio Version 16
VisualStudioVersion = 16.0.31005.135
MinimumVisualStudioVersion = 10.0.40219.1
Project("{FAE04EC0-301F-11D3-BF4B-00C04F79EFBC}") = "tipos_variaveis", "tipos_variaveis\tipos_variaveis.csproj", "{0DBEF611-0C49-4C7A-B75C-01865649830A}"
EndProject
Global
	GlobalSection(SolutionConfigurationPlatforms) = preSolution
		Debug|Any CPU = Debug|Any CPU
		Release|Any CPU = Release|Any CPU
	EndGlobalSection
	GlobalSection(ProjectConfigurationPlatforms) = postSolution
		{0DBEF611-0C49-4C7A-B75C-01865649830A}.Debug|Any CPU.ActiveCfg = Debug|Any CPU
		{0DBEF611-0C49-4C7A-B75C-01865649830A}.Debug|Any CPU.Build.0 = Debug|Any CPU
		{0DBEF611-0C49-4C7A-B75C-01865649830A}.Release|Any CPU.ActiveCfg = Release|Any CPU
		{0DBEF611-0C49-4C7A-B75C-01865649830A}.Release|Any CPU.Build.0 = Release|Any CPU
	EndGlobalSection
	GlobalSection(SolutionProperties) = preSolution
		HideSolutionNode = FALSE
	EndGlobalSection
	GlobalSection(ExtensibilityGlobals) = postSolution
		SolutionGuid = {3A1E9AAF-BA76-4C6F-BD58-23552D0F725B}
	EndGlobalSection
EndGlobal
